
Microsoft Visual Studio Solution File, Format Version 12.00
# Visual Studio 2013
VisualStudioVersion = 12.0.21005.1
MinimumVisualStudioVersion = 10.0.40219.1
Project("{FAE04EC0-301F-11D3-BF4B-00C04F79EFBC}") = "Funcoes", "Funcoes\Funcoes.csproj", "{836A8FA3-7AA4-4D76-A577-807938A430E9}"
EndProject
Project("{FAE04EC0-301F-11D3-BF4B-00C04F79EFBC}") = "FuncoesApp", "FuncoesApp\FuncoesApp.csproj", "{7B13E20D-7480-4D40-A1F2-8C8FEE8DD7DA}"
EndProject
Global
	GlobalSection(SolutionConfigurationPlatforms) = preSolution
		Debug|Any CPU = Debug|Any CPU
		Release|Any CPU = Release|Any CPU
	EndGlobalSection
	GlobalSection(ProjectConfigurationPlatforms) = postSolution
		{836A8FA3-7AA4-4D76-A577-807938A430E9}.Debug|Any CPU.ActiveCfg = Debug|Any CPU
		{836A8FA3-7AA4-4D76-A577-807938A430E9}.Debug|Any CPU.Build.0 = Debug|Any CPU
		{836A8FA3-7AA4-4D76-A577-807938A430E9}.Release|Any CPU.ActiveCfg = Release|Any CPU
		{836A8FA3-7AA4-4D76-A577-807938A430E9}.Release|Any CPU.Build.0 = Release|Any CPU
		{7B13E20D-7480-4D40-A1F2-8C8FEE8DD7DA}.Debug|Any CPU.ActiveCfg = Debug|Any CPU
		{7B13E20D-7480-4D40-A1F2-8C8FEE8DD7DA}.Debug|Any CPU.Build.0 = Debug|Any CPU
		{7B13E20D-7480-4D40-A1F2-8C8FEE8DD7DA}.Release|Any CPU.ActiveCfg = Release|Any CPU
		{7B13E20D-7480-4D40-A1F2-8C8FEE8DD7DA}.Release|Any CPU.Build.0 = Release|Any CPU
	EndGlobalSection
	GlobalSection(SolutionProperties) = preSolution
		HideSolutionNode = FALSE
	EndGlobalSection
EndGlobal
